
Microsoft Visual Studio Solution File, Format Version 12.00
# Visual Studio Version 17
VisualStudioVersion = 17.5.33627.172
MinimumVisualStudioVersion = 10.0.40219.1
Project("{FAE04EC0-301F-11D3-BF4B-00C04F79EFBC}") = "Cau_truc_lenh_co_ban", "Cau_truc_lenh_co_ban\Cau_truc_lenh_co_ban.csproj", "{67B004EE-6170-409E-B3D4-6E83998BABBB}"
EndProject
Global
	GlobalSection(SolutionConfigurationPlatforms) = preSolution
		Debug|Any CPU = Debug|Any CPU
		Release|Any CPU = Release|Any CPU
	EndGlobalSection
	GlobalSection(ProjectConfigurationPlatforms) = postSolution
		{67B004EE-6170-409E-B3D4-6E83998BABBB}.Debug|Any CPU.ActiveCfg = Debug|Any CPU
		{67B004EE-6170-409E-B3D4-6E83998BABBB}.Debug|Any CPU.Build.0 = Debug|Any CPU
		{67B004EE-6170-409E-B3D4-6E83998BABBB}.Release|Any CPU.ActiveCfg = Release|Any CPU
		{67B004EE-6170-409E-B3D4-6E83998BABBB}.Release|Any CPU.Build.0 = Release|Any CPU
	EndGlobalSection
	GlobalSection(SolutionProperties) = preSolution
		HideSolutionNode = FALSE
	EndGlobalSection
	GlobalSection(ExtensibilityGlobals) = postSolution
		SolutionGuid = {535A44ED-4728-4AF4-A8A3-569F1660A830}
	EndGlobalSection
EndGlobal
