
Microsoft Visual Studio Solution File, Format Version 12.00
# Visual Studio Version 17
VisualStudioVersion = 17.5.33627.172
MinimumVisualStudioVersion = 10.0.40219.1
Project("{9A19103F-16F7-4668-BE54-9A1E7A4F7556}") = "s14_BaiTap", "s14_BaiTap\s14_BaiTap.csproj", "{7310701A-E00F-439E-8BC4-A9224FCCCD4A}"
EndProject
Project("{9A19103F-16F7-4668-BE54-9A1E7A4F7556}") = "QL_Sach", "QL_Sach\QL_Sach.csproj", "{1BA2F6FA-E47A-43D1-94DD-7C30C23DAD46}"
EndProject
Project("{FAE04EC0-301F-11D3-BF4B-00C04F79EFBC}") = "QL_KhachSan", "QL_KhachSan\QL_KhachSan.csproj", "{11E18164-65C3-4015-BFF3-9F96816A4645}"
EndProject
Global
	GlobalSection(SolutionConfigurationPlatforms) = preSolution
		Debug|Any CPU = Debug|Any CPU
		Release|Any CPU = Release|Any CPU
	EndGlobalSection
	GlobalSection(ProjectConfigurationPlatforms) = postSolution
		{7310701A-E00F-439E-8BC4-A9224FCCCD4A}.Debug|Any CPU.ActiveCfg = Debug|Any CPU
		{7310701A-E00F-439E-8BC4-A9224FCCCD4A}.Debug|Any CPU.Build.0 = Debug|Any CPU
		{7310701A-E00F-439E-8BC4-A9224FCCCD4A}.Release|Any CPU.ActiveCfg = Release|Any CPU
		{7310701A-E00F-439E-8BC4-A9224FCCCD4A}.Release|Any CPU.Build.0 = Release|Any CPU
		{1BA2F6FA-E47A-43D1-94DD-7C30C23DAD46}.Debug|Any CPU.ActiveCfg = Debug|Any CPU
		{1BA2F6FA-E47A-43D1-94DD-7C30C23DAD46}.Debug|Any CPU.Build.0 = Debug|Any CPU
		{1BA2F6FA-E47A-43D1-94DD-7C30C23DAD46}.Release|Any CPU.ActiveCfg = Release|Any CPU
		{1BA2F6FA-E47A-43D1-94DD-7C30C23DAD46}.Release|Any CPU.Build.0 = Release|Any CPU
		{11E18164-65C3-4015-BFF3-9F96816A4645}.Debug|Any CPU.ActiveCfg = Debug|Any CPU
		{11E18164-65C3-4015-BFF3-9F96816A4645}.Debug|Any CPU.Build.0 = Debug|Any CPU
		{11E18164-65C3-4015-BFF3-9F96816A4645}.Release|Any CPU.ActiveCfg = Release|Any CPU
		{11E18164-65C3-4015-BFF3-9F96816A4645}.Release|Any CPU.Build.0 = Release|Any CPU
	EndGlobalSection
	GlobalSection(SolutionProperties) = preSolution
		HideSolutionNode = FALSE
	EndGlobalSection
	GlobalSection(ExtensibilityGlobals) = postSolution
		SolutionGuid = {342565CC-A48C-484A-9CAA-70D4CBAEA9D9}
	EndGlobalSection
EndGlobal
