
Microsoft Visual Studio Solution File, Format Version 12.00
# Visual Studio Version 16
VisualStudioVersion = 16.0.32802.440
MinimumVisualStudioVersion = 10.0.40219.1
Project("{FAE04EC0-301F-11D3-BF4B-00C04F79EFBC}") = "DoAn_QuanLiNhanVien", "DoAn_QuanLiNhanVien\DoAn_QuanLiNhanVien.csproj", "{9706DC25-8C60-45B7-AA60-20BECAA955B6}"
EndProject
Global
	GlobalSection(SolutionConfigurationPlatforms) = preSolution
		Debug|Any CPU = Debug|Any CPU
		Release|Any CPU = Release|Any CPU
	EndGlobalSection
	GlobalSection(ProjectConfigurationPlatforms) = postSolution
		{9706DC25-8C60-45B7-AA60-20BECAA955B6}.Debug|Any CPU.ActiveCfg = Debug|Any CPU
		{9706DC25-8C60-45B7-AA60-20BECAA955B6}.Debug|Any CPU.Build.0 = Debug|Any CPU
		{9706DC25-8C60-45B7-AA60-20BECAA955B6}.Release|Any CPU.ActiveCfg = Release|Any CPU
		{9706DC25-8C60-45B7-AA60-20BECAA955B6}.Release|Any CPU.Build.0 = Release|Any CPU
	EndGlobalSection
	GlobalSection(SolutionProperties) = preSolution
		HideSolutionNode = FALSE
	EndGlobalSection
	GlobalSection(ExtensibilityGlobals) = postSolution
		SolutionGuid = {22F50A19-8783-4D09-940C-945EA0EFA725}
	EndGlobalSection
EndGlobal
