
Microsoft Visual Studio Solution File, Format Version 12.00
# Visual Studio Version 17
VisualStudioVersion = 17.5.33627.172
MinimumVisualStudioVersion = 10.0.40219.1
Project("{FAE04EC0-301F-11D3-BF4B-00C04F79EFBC}") = "s9_CacThuatToanSapXep", "s9_CacThuatToanSapXep\s9_CacThuatToanSapXep.csproj", "{575BB472-D07A-4842-BA53-941CAF4B3146}"
EndProject
Project("{FAE04EC0-301F-11D3-BF4B-00C04F79EFBC}") = "ss1_SXNoiBot_BulleSort", "ss1_SXNoiBot_BulleSort\ss1_SXNoiBot_BulleSort.csproj", "{9FE7F892-D6D2-459A-8F68-07B3050DF763}"
EndProject
Project("{FAE04EC0-301F-11D3-BF4B-00C04F79EFBC}") = "ss2_SXChon_SelectionSort", "ss2_SXChon_SelectionSort\ss2_SXChon_SelectionSort.csproj", "{A926FEB4-633B-4276-B2A7-D6851F5187C2}"
EndProject
Global
	GlobalSection(SolutionConfigurationPlatforms) = preSolution
		Debug|Any CPU = Debug|Any CPU
		Release|Any CPU = Release|Any CPU
	EndGlobalSection
	GlobalSection(ProjectConfigurationPlatforms) = postSolution
		{575BB472-D07A-4842-BA53-941CAF4B3146}.Debug|Any CPU.ActiveCfg = Debug|Any CPU
		{575BB472-D07A-4842-BA53-941CAF4B3146}.Debug|Any CPU.Build.0 = Debug|Any CPU
		{575BB472-D07A-4842-BA53-941CAF4B3146}.Release|Any CPU.ActiveCfg = Release|Any CPU
		{575BB472-D07A-4842-BA53-941CAF4B3146}.Release|Any CPU.Build.0 = Release|Any CPU
		{9FE7F892-D6D2-459A-8F68-07B3050DF763}.Debug|Any CPU.ActiveCfg = Debug|Any CPU
		{9FE7F892-D6D2-459A-8F68-07B3050DF763}.Debug|Any CPU.Build.0 = Debug|Any CPU
		{9FE7F892-D6D2-459A-8F68-07B3050DF763}.Release|Any CPU.ActiveCfg = Release|Any CPU
		{9FE7F892-D6D2-459A-8F68-07B3050DF763}.Release|Any CPU.Build.0 = Release|Any CPU
		{A926FEB4-633B-4276-B2A7-D6851F5187C2}.Debug|Any CPU.ActiveCfg = Debug|Any CPU
		{A926FEB4-633B-4276-B2A7-D6851F5187C2}.Debug|Any CPU.Build.0 = Debug|Any CPU
		{A926FEB4-633B-4276-B2A7-D6851F5187C2}.Release|Any CPU.ActiveCfg = Release|Any CPU
		{A926FEB4-633B-4276-B2A7-D6851F5187C2}.Release|Any CPU.Build.0 = Release|Any CPU
	EndGlobalSection
	GlobalSection(SolutionProperties) = preSolution
		HideSolutionNode = FALSE
	EndGlobalSection
	GlobalSection(ExtensibilityGlobals) = postSolution
		SolutionGuid = {A0B2D14D-8555-4D02-97DB-7E4419CC68E8}
	EndGlobalSection
EndGlobal
