
Microsoft Visual Studio Solution File, Format Version 12.00
# Visual Studio Version 16
VisualStudioVersion = 16.0.32802.440
MinimumVisualStudioVersion = 10.0.40219.1
Project("{FAE04EC0-301F-11D3-BF4B-00C04F79EFBC}") = "NguyenDinhHuy_08312_CS464_C", "NguyenDinhHuy_08312_CS464_C\NguyenDinhHuy_08312_CS464_C.csproj", "{73CFAC9A-0D64-416F-9EE3-B2A4D58B1B52}"
EndProject
Global
	GlobalSection(SolutionConfigurationPlatforms) = preSolution
		Debug|Any CPU = Debug|Any CPU
		Release|Any CPU = Release|Any CPU
	EndGlobalSection
	GlobalSection(ProjectConfigurationPlatforms) = postSolution
		{73CFAC9A-0D64-416F-9EE3-B2A4D58B1B52}.Debug|Any CPU.ActiveCfg = Debug|Any CPU
		{73CFAC9A-0D64-416F-9EE3-B2A4D58B1B52}.Debug|Any CPU.Build.0 = Debug|Any CPU
		{73CFAC9A-0D64-416F-9EE3-B2A4D58B1B52}.Release|Any CPU.ActiveCfg = Release|Any CPU
		{73CFAC9A-0D64-416F-9EE3-B2A4D58B1B52}.Release|Any CPU.Build.0 = Release|Any CPU
	EndGlobalSection
	GlobalSection(SolutionProperties) = preSolution
		HideSolutionNode = FALSE
	EndGlobalSection
	GlobalSection(ExtensibilityGlobals) = postSolution
		SolutionGuid = {56EAA0DC-A353-49DA-A34F-3E6B15EF4803}
	EndGlobalSection
EndGlobal
