
Microsoft Visual Studio Solution File, Format Version 12.00
# Visual Studio Version 16
VisualStudioVersion = 16.0.32802.440
MinimumVisualStudioVersion = 10.0.40219.1
Project("{FAE04EC0-301F-11D3-BF4B-00C04F79EFBC}") = "Bai1", "Bai1\Bai1.csproj", "{CC675F11-D166-44E4-AEDC-E8C2C6049C74}"
EndProject
Global
	GlobalSection(SolutionConfigurationPlatforms) = preSolution
		Debug|Any CPU = Debug|Any CPU
		Release|Any CPU = Release|Any CPU
	EndGlobalSection
	GlobalSection(ProjectConfigurationPlatforms) = postSolution
		{CC675F11-D166-44E4-AEDC-E8C2C6049C74}.Debug|Any CPU.ActiveCfg = Debug|Any CPU
		{CC675F11-D166-44E4-AEDC-E8C2C6049C74}.Debug|Any CPU.Build.0 = Debug|Any CPU
		{CC675F11-D166-44E4-AEDC-E8C2C6049C74}.Release|Any CPU.ActiveCfg = Release|Any CPU
		{CC675F11-D166-44E4-AEDC-E8C2C6049C74}.Release|Any CPU.Build.0 = Release|Any CPU
	EndGlobalSection
	GlobalSection(SolutionProperties) = preSolution
		HideSolutionNode = FALSE
	EndGlobalSection
	GlobalSection(ExtensibilityGlobals) = postSolution
		SolutionGuid = {D4BEA867-C8B8-4F4D-9A11-75B4EF5A46BB}
	EndGlobalSection
EndGlobal
